
Microsoft Visual Studio Solution File, Format Version 12.00
# Visual Studio 15
VisualStudioVersion = 15.0.27004.2005
MinimumVisualStudioVersion = 10.0.40219.1
Project("{FAE04EC0-301F-11D3-BF4B-00C04F79EFBC}") = "NeuSoft.Client.WinForm", "NeuSoft.Client.WinForm\NeuSoft.Client.WinForm.csproj", "{65B1C817-E86E-49C1-B30B-AB568EE7FA93}"
EndProject
Project("{2150E333-8FDC-42A3-9474-1A3956D46DE8}") = "UI", "UI", "{34E88406-3687-48A5-9BE1-445BCDBDD5B8}"
EndProject
Project("{2150E333-8FDC-42A3-9474-1A3956D46DE8}") = "ServiceInterface", "ServiceInterface", "{FA3F9733-47AE-47C2-946E-95FD9B6AFEF2}"
EndProject
Project("{FAE04EC0-301F-11D3-BF4B-00C04F79EFBC}") = "NeuSoft.Client.Common", "NeuSoft.Client.Common\NeuSoft.Client.Common.csproj", "{873CAC30-CA39-437C-B21C-B3334F2CC0F8}"
EndProject
Project("{2150E333-8FDC-42A3-9474-1A3956D46DE8}") = "Common", "Common", "{894F0744-2D9F-4CDE-A6E2-1977189CB8D3}"
EndProject
Project("{2150E333-8FDC-42A3-9474-1A3956D46DE8}") = "Plugs", "Plugs", "{3776D6A2-DE76-47DA-B825-FFCD3642D777}"
EndProject
Project("{FAE04EC0-301F-11D3-BF4B-00C04F79EFBC}") = "NeuSoft.Client.ProducePlugs", "NeuSoft.Client.ProducePlugs\NeuSoft.Client.ProducePlugs.csproj", "{1FA276EA-AAB6-42A0-ACBD-93052D7B5AD2}"
EndProject
Project("{FAE04EC0-301F-11D3-BF4B-00C04F79EFBC}") = "NeuSoft.Client.LogisticPlugs", "NeuSoft.Client.LogisticPlugs\NeuSoft.Client.LogisticPlugs.csproj", "{2BFEC20E-E905-4738-A7FB-8D0894AE7230}"
EndProject
Project("{FAE04EC0-301F-11D3-BF4B-00C04F79EFBC}") = "NeuSoft.Client.QualityPlugs", "NeuSoft.Client.QualityPlugs\NeuSoft.Client.QualityPlugs.csproj", "{318E3CD5-6B61-42DB-AFD2-7F55C9FDB03B}"
EndProject
Project("{2150E333-8FDC-42A3-9474-1A3956D46DE8}") = "Client", "Client", "{8D648CC7-1B6C-4292-9F6A-30761CD25349}"
EndProject
Project("{2150E333-8FDC-42A3-9474-1A3956D46DE8}") = "Common", "Common", "{FADE7569-D540-47D3-B98C-FC30B728AF08}"
EndProject
Project("{2150E333-8FDC-42A3-9474-1A3956D46DE8}") = "Model", "Model", "{40B29532-DB4F-47AB-AA1A-3FC755541922}"
EndProject
Project("{FAE04EC0-301F-11D3-BF4B-00C04F79EFBC}") = "NeuSoft.ServiceInterface.InterfaceDTO", "ServiceInterface\NeuSoft.Client.InterfaceDTO\NeuSoft.ServiceInterface.InterfaceDTO.csproj", "{08921559-A787-44BB-A475-85B6BC9CF44B}"
EndProject
Project("{2150E333-8FDC-42A3-9474-1A3956D46DE8}") = "BusinessInterface", "BusinessInterface", "{B1B462E7-50DF-4672-B4C3-4B48F7C88723}"
EndProject
Project("{FAE04EC0-301F-11D3-BF4B-00C04F79EFBC}") = "NeuSoft.ServiceInterface.ModelData", "ServiceInterface\NeuSoft.ServiceInterface.ModelData\NeuSoft.ServiceInterface.ModelData.csproj", "{29004F36-7354-42AD-BBDB-C323ED71BB37}"
EndProject
Project("{FAE04EC0-301F-11D3-BF4B-00C04F79EFBC}") = "NeuSoft.ServiceInterface.InterfaceAPI", "ServiceInterface\NeuSoft.ServcieInterface.InterfaceAPI\NeuSoft.ServiceInterface.InterfaceAPI.csproj", "{07873C96-4428-40C2-85BF-AD9E9BC4B0C1}"
EndProject
Project("{2150E333-8FDC-42A3-9474-1A3956D46DE8}") = "Implement", "Implement", "{33FF12E8-AE43-4C9A-AA9F-51C1BC88B491}"
EndProject
Project("{2150E333-8FDC-42A3-9474-1A3956D46DE8}") = "Moudule", "Moudule", "{5DF39E96-068B-4AF4-B641-FDC92BE407B1}"
EndProject
Project("{2150E333-8FDC-42A3-9474-1A3956D46DE8}") = "Produce", "Produce", "{2842DEB2-F6AA-4208-9182-DDCFA204E8F3}"
EndProject
Project("{2150E333-8FDC-42A3-9474-1A3956D46DE8}") = "Logistic", "Logistic", "{4A170561-33D3-4E5C-883A-616742DF73D0}"
EndProject
Project("{2150E333-8FDC-42A3-9474-1A3956D46DE8}") = "Quality", "Quality", "{6C25ACA6-358F-43A7-847F-20387B9F51FC}"
EndProject
Project("{2150E333-8FDC-42A3-9474-1A3956D46DE8}") = "KeyParts", "KeyParts", "{6F70D1F3-9BFD-4CA3-BBA5-9B90AFFD0A9C}"
EndProject
Project("{FAE04EC0-301F-11D3-BF4B-00C04F79EFBC}") = "NeuSoft.ServiceInterface.Common", "ServiceInterface\NeuSoft.ServiceInterface.Common\NeuSoft.ServiceInterface.Common.csproj", "{DF60035D-7659-4EE3-86FB-E9F3F3727FD4}"
EndProject
Project("{FAE04EC0-301F-11D3-BF4B-00C04F79EFBC}") = "NeuSoft.ClientDataService.KeyPartsBusiness", "ServiceInterface\Modules\KeyParts\NeuSoft.DataService.KeyPartsBusiness\NeuSoft.ClientDataService.KeyPartsBusiness.csproj", "{B0D046C9-00D1-4CE2-B04E-8FAC71396823}"
EndProject
Project("{FAE04EC0-301F-11D3-BF4B-00C04F79EFBC}") = "NeuSoft.ClientDataService.KeyPartsDataAccess", "ServiceInterface\Modules\KeyParts\NeuSoft.DataService.KeyPartsDataAccess\NeuSoft.ClientDataService.KeyPartsDataAccess.csproj", "{8819BC6B-4AE5-48D3-AC0A-11ABBE910AB9}"
EndProject
Project("{FAE04EC0-301F-11D3-BF4B-00C04F79EFBC}") = "NeuSoft.ClientDataService.LogisticBusiness", "ServiceInterface\Modules\Logistic\NeuSoft.DataService.LogisticBusiness\NeuSoft.ClientDataService.LogisticBusiness.csproj", "{BF18FC83-CC90-43D5-8F23-3EDA43B3EA41}"
EndProject
Project("{FAE04EC0-301F-11D3-BF4B-00C04F79EFBC}") = "NeuSoft.ClientDataService.LogisticDataAccess", "ServiceInterface\Modules\Logistic\NeuSoft.DataService.LogisticDataAccess\NeuSoft.ClientDataService.LogisticDataAccess.csproj", "{74A6319A-18D8-485C-B520-225E2B81710D}"
EndProject
Project("{FAE04EC0-301F-11D3-BF4B-00C04F79EFBC}") = "NeuSoft.ClientDataService.ProduceBusiness", "ServiceInterface\Modules\Produce\NeuSoft.DataService.ProduceBusiness\NeuSoft.ClientDataService.ProduceBusiness.csproj", "{500A44B1-B4D2-477E-8A9F-15642F2766CA}"
EndProject
Project("{FAE04EC0-301F-11D3-BF4B-00C04F79EFBC}") = "NeuSoft.ClientDataService.ProduceDataAccess", "ServiceInterface\Modules\Produce\NeuSoft.DataService.ProduceDataAccess\NeuSoft.ClientDataService.ProduceDataAccess.csproj", "{5AE95030-FABB-4746-85E6-66A0B5DD3081}"
EndProject
Project("{FAE04EC0-301F-11D3-BF4B-00C04F79EFBC}") = "NeuSoft.ClientDataService.QualityBusiness", "ServiceInterface\Modules\Quality\NeuSoft.DataService.QualityBusiness\NeuSoft.ClientDataService.QualityBusiness.csproj", "{3E1346FB-9918-4E06-9E4C-4E641BD79117}"
EndProject
Project("{FAE04EC0-301F-11D3-BF4B-00C04F79EFBC}") = "NeuSoft.ClientDataService.QualityDataAccess", "ServiceInterface\Modules\Quality\NeuSoft.DataService.QualityDataAccess\NeuSoft.ClientDataService.QualityDataAccess.csproj", "{504ED6D4-7F05-4AC3-B832-BC3D90A4A171}"
EndProject
Project("{FAE04EC0-301F-11D3-BF4B-00C04F79EFBC}") = "NeuSoft.ServiceInterface.Api", "ServiceInterface\NeuSoft.ServiceInterface.Api\NeuSoft.ServiceInterface.Api.csproj", "{F30D8977-50AB-47A6-88EB-D7E3A9FF276F}"
EndProject
Project("{FAE04EC0-301F-11D3-BF4B-00C04F79EFBC}") = "NeuSofr.ServiceInterface.ImplementInterfaceAPI", "ServiceInterface\NeuSofr.ServiceInterface.ImplementInterfaceAPI\NeuSofr.ServiceInterface.ImplementInterfaceAPI.csproj", "{9E74806D-A27A-470F-817D-1DCD719AB531}"
EndProject
Project("{FAE04EC0-301F-11D3-BF4B-00C04F79EFBC}") = "NeuSoft.Client.KeyPartsPlugs", "NeuSoft.Client.KeyPartsPlugs\NeuSoft.Client.KeyPartsPlugs.csproj", "{89D1B893-9575-40B5-8C99-BE03AEFA0186}"
EndProject
Project("{2150E333-8FDC-42A3-9474-1A3956D46DE8}") = "SystemArchives", "SystemArchives", "{7A828A82-6087-4B58-8F5D-A21E46A1A6AA}"
EndProject
Project("{2150E333-8FDC-42A3-9474-1A3956D46DE8}") = "SystemCommon", "SystemCommon", "{9DF4D54A-5473-4755-9AD0-673EE492D1D6}"
EndProject
Project("{FAE04EC0-301F-11D3-BF4B-00C04F79EFBC}") = "NeuSoft.ClientDataService.CommonBusiness", "ServiceInterface\Modules\SystemCommon\NeuSoft.DataService.CommonBusiness\NeuSoft.ClientDataService.CommonBusiness.csproj", "{3BD66259-3365-4721-A615-9DE5A201BFA1}"
EndProject
Project("{FAE04EC0-301F-11D3-BF4B-00C04F79EFBC}") = "NeuSoft.ClientDataService.CommonDataAccess", "ServiceInterface\Modules\SystemCommon\NeuSoft.DataService.CommonDataAccess\NeuSoft.ClientDataService.CommonDataAccess.csproj", "{1F916D8C-CA45-4761-9C55-12E9D988B090}"
EndProject
Project("{FAE04EC0-301F-11D3-BF4B-00C04F79EFBC}") = "NeuSoft.Client.CommonPlugs", "NeuSoft.Client.CommonPlugs\NeuSoft.Client.CommonPlugs.csproj", "{A4325A22-3764-45A9-89B6-3320144D0FA2}"
EndProject
Project("{2150E333-8FDC-42A3-9474-1A3956D46DE8}") = "BM", "BM", "{3DB2E109-AEF7-461F-A0E5-56BCC9B92FC4}"
EndProject
Project("{2150E333-8FDC-42A3-9474-1A3956D46DE8}") = "BaseApi", "BaseApi", "{48E985E9-7FA5-4B2B-85FB-A5647ADC6D2B}"
EndProject
Project("{FAE04EC0-301F-11D3-BF4B-00C04F79EFBC}") = "NeuSoft.ClientDataService.BaseApiBusiness", "ServiceInterface\Modules\BaseApi\NeuSoft.ClientDataService.BaseApi\NeuSoft.ClientDataService.BaseApiBusiness.csproj", "{EB93CFBC-BADF-475B-B2E7-1FE2C1948EA3}"
EndProject
Project("{FAE04EC0-301F-11D3-BF4B-00C04F79EFBC}") = "NeuSoft.ClientDataService.BaseApiDataAccess", "ServiceInterface\Modules\BaseApi\NeuSoft.ClientDataService.BaseApiDataAccess\NeuSoft.ClientDataService.BaseApiDataAccess.csproj", "{C4FB093B-6DE4-401D-B689-AADB40CCA7C1}"
EndProject
Project("{FAE04EC0-301F-11D3-BF4B-00C04F79EFBC}") = "NeuSoft.Client.Contract", "NeuSoft.Client.Contract\NeuSoft.Client.Contract.csproj", "{462F2951-9132-4B09-BE08-CCF574190173}"
EndProject
Global
	GlobalSection(SolutionConfigurationPlatforms) = preSolution
		Debug|Any CPU = Debug|Any CPU
		Release|Any CPU = Release|Any CPU
	EndGlobalSection
	GlobalSection(ProjectConfigurationPlatforms) = postSolution
		{65B1C817-E86E-49C1-B30B-AB568EE7FA93}.Debug|Any CPU.ActiveCfg = Debug|Any CPU
		{65B1C817-E86E-49C1-B30B-AB568EE7FA93}.Debug|Any CPU.Build.0 = Debug|Any CPU
		{65B1C817-E86E-49C1-B30B-AB568EE7FA93}.Release|Any CPU.ActiveCfg = Release|Any CPU
		{65B1C817-E86E-49C1-B30B-AB568EE7FA93}.Release|Any CPU.Build.0 = Release|Any CPU
		{873CAC30-CA39-437C-B21C-B3334F2CC0F8}.Debug|Any CPU.ActiveCfg = Debug|Any CPU
		{873CAC30-CA39-437C-B21C-B3334F2CC0F8}.Debug|Any CPU.Build.0 = Debug|Any CPU
		{873CAC30-CA39-437C-B21C-B3334F2CC0F8}.Release|Any CPU.ActiveCfg = Release|Any CPU
		{873CAC30-CA39-437C-B21C-B3334F2CC0F8}.Release|Any CPU.Build.0 = Release|Any CPU
		{1FA276EA-AAB6-42A0-ACBD-93052D7B5AD2}.Debug|Any CPU.ActiveCfg = Debug|Any CPU
		{1FA276EA-AAB6-42A0-ACBD-93052D7B5AD2}.Debug|Any CPU.Build.0 = Debug|Any CPU
		{1FA276EA-AAB6-42A0-ACBD-93052D7B5AD2}.Release|Any CPU.ActiveCfg = Release|Any CPU
		{1FA276EA-AAB6-42A0-ACBD-93052D7B5AD2}.Release|Any CPU.Build.0 = Release|Any CPU
		{2BFEC20E-E905-4738-A7FB-8D0894AE7230}.Debug|Any CPU.ActiveCfg = Debug|Any CPU
		{2BFEC20E-E905-4738-A7FB-8D0894AE7230}.Debug|Any CPU.Build.0 = Debug|Any CPU
		{2BFEC20E-E905-4738-A7FB-8D0894AE7230}.Release|Any CPU.ActiveCfg = Release|Any CPU
		{2BFEC20E-E905-4738-A7FB-8D0894AE7230}.Release|Any CPU.Build.0 = Release|Any CPU
		{318E3CD5-6B61-42DB-AFD2-7F55C9FDB03B}.Debug|Any CPU.ActiveCfg = Debug|Any CPU
		{318E3CD5-6B61-42DB-AFD2-7F55C9FDB03B}.Debug|Any CPU.Build.0 = Debug|Any CPU
		{318E3CD5-6B61-42DB-AFD2-7F55C9FDB03B}.Release|Any CPU.ActiveCfg = Release|Any CPU
		{318E3CD5-6B61-42DB-AFD2-7F55C9FDB03B}.Release|Any CPU.Build.0 = Release|Any CPU
		{08921559-A787-44BB-A475-85B6BC9CF44B}.Debug|Any CPU.ActiveCfg = Debug|Any CPU
		{08921559-A787-44BB-A475-85B6BC9CF44B}.Debug|Any CPU.Build.0 = Debug|Any CPU
		{08921559-A787-44BB-A475-85B6BC9CF44B}.Release|Any CPU.ActiveCfg = Release|Any CPU
		{08921559-A787-44BB-A475-85B6BC9CF44B}.Release|Any CPU.Build.0 = Release|Any CPU
		{29004F36-7354-42AD-BBDB-C323ED71BB37}.Debug|Any CPU.ActiveCfg = Debug|Any CPU
		{29004F36-7354-42AD-BBDB-C323ED71BB37}.Debug|Any CPU.Build.0 = Debug|Any CPU
		{29004F36-7354-42AD-BBDB-C323ED71BB37}.Release|Any CPU.ActiveCfg = Release|Any CPU
		{29004F36-7354-42AD-BBDB-C323ED71BB37}.Release|Any CPU.Build.0 = Release|Any CPU
		{07873C96-4428-40C2-85BF-AD9E9BC4B0C1}.Debug|Any CPU.ActiveCfg = Debug|Any CPU
		{07873C96-4428-40C2-85BF-AD9E9BC4B0C1}.Debug|Any CPU.Build.0 = Debug|Any CPU
		{07873C96-4428-40C2-85BF-AD9E9BC4B0C1}.Release|Any CPU.ActiveCfg = Release|Any CPU
		{07873C96-4428-40C2-85BF-AD9E9BC4B0C1}.Release|Any CPU.Build.0 = Release|Any CPU
		{DF60035D-7659-4EE3-86FB-E9F3F3727FD4}.Debug|Any CPU.ActiveCfg = Debug|Any CPU
		{DF60035D-7659-4EE3-86FB-E9F3F3727FD4}.Debug|Any CPU.Build.0 = Debug|Any CPU
		{DF60035D-7659-4EE3-86FB-E9F3F3727FD4}.Release|Any CPU.ActiveCfg = Release|Any CPU
		{DF60035D-7659-4EE3-86FB-E9F3F3727FD4}.Release|Any CPU.Build.0 = Release|Any CPU
		{B0D046C9-00D1-4CE2-B04E-8FAC71396823}.Debug|Any CPU.ActiveCfg = Debug|Any CPU
		{B0D046C9-00D1-4CE2-B04E-8FAC71396823}.Debug|Any CPU.Build.0 = Debug|Any CPU
		{B0D046C9-00D1-4CE2-B04E-8FAC71396823}.Release|Any CPU.ActiveCfg = Release|Any CPU
		{B0D046C9-00D1-4CE2-B04E-8FAC71396823}.Release|Any CPU.Build.0 = Release|Any CPU
		{8819BC6B-4AE5-48D3-AC0A-11ABBE910AB9}.Debug|Any CPU.ActiveCfg = Debug|Any CPU
		{8819BC6B-4AE5-48D3-AC0A-11ABBE910AB9}.Debug|Any CPU.Build.0 = Debug|Any CPU
		{8819BC6B-4AE5-48D3-AC0A-11ABBE910AB9}.Release|Any CPU.ActiveCfg = Release|Any CPU
		{8819BC6B-4AE5-48D3-AC0A-11ABBE910AB9}.Release|Any CPU.Build.0 = Release|Any CPU
		{BF18FC83-CC90-43D5-8F23-3EDA43B3EA41}.Debug|Any CPU.ActiveCfg = Debug|Any CPU
		{BF18FC83-CC90-43D5-8F23-3EDA43B3EA41}.Debug|Any CPU.Build.0 = Debug|Any CPU
		{BF18FC83-CC90-43D5-8F23-3EDA43B3EA41}.Release|Any CPU.ActiveCfg = Release|Any CPU
		{BF18FC83-CC90-43D5-8F23-3EDA43B3EA41}.Release|Any CPU.Build.0 = Release|Any CPU
		{74A6319A-18D8-485C-B520-225E2B81710D}.Debug|Any CPU.ActiveCfg = Debug|Any CPU
		{74A6319A-18D8-485C-B520-225E2B81710D}.Debug|Any CPU.Build.0 = Debug|Any CPU
		{74A6319A-18D8-485C-B520-225E2B81710D}.Release|Any CPU.ActiveCfg = Release|Any CPU
		{74A6319A-18D8-485C-B520-225E2B81710D}.Release|Any CPU.Build.0 = Release|Any CPU
		{500A44B1-B4D2-477E-8A9F-15642F2766CA}.Debug|Any CPU.ActiveCfg = Debug|Any CPU
		{500A44B1-B4D2-477E-8A9F-15642F2766CA}.Debug|Any CPU.Build.0 = Debug|Any CPU
		{500A44B1-B4D2-477E-8A9F-15642F2766CA}.Release|Any CPU.ActiveCfg = Release|Any CPU
		{500A44B1-B4D2-477E-8A9F-15642F2766CA}.Release|Any CPU.Build.0 = Release|Any CPU
		{5AE95030-FABB-4746-85E6-66A0B5DD3081}.Debug|Any CPU.ActiveCfg = Debug|Any CPU
		{5AE95030-FABB-4746-85E6-66A0B5DD3081}.Debug|Any CPU.Build.0 = Debug|Any CPU
		{5AE95030-FABB-4746-85E6-66A0B5DD3081}.Release|Any CPU.ActiveCfg = Release|Any CPU
		{5AE95030-FABB-4746-85E6-66A0B5DD3081}.Release|Any CPU.Build.0 = Release|Any CPU
		{3E1346FB-9918-4E06-9E4C-4E641BD79117}.Debug|Any CPU.ActiveCfg = Debug|Any CPU
		{3E1346FB-9918-4E06-9E4C-4E641BD79117}.Debug|Any CPU.Build.0 = Debug|Any CPU
		{3E1346FB-9918-4E06-9E4C-4E641BD79117}.Release|Any CPU.ActiveCfg = Release|Any CPU
		{3E1346FB-9918-4E06-9E4C-4E641BD79117}.Release|Any CPU.Build.0 = Release|Any CPU
		{504ED6D4-7F05-4AC3-B832-BC3D90A4A171}.Debug|Any CPU.ActiveCfg = Debug|Any CPU
		{504ED6D4-7F05-4AC3-B832-BC3D90A4A171}.Debug|Any CPU.Build.0 = Debug|Any CPU
		{504ED6D4-7F05-4AC3-B832-BC3D90A4A171}.Release|Any CPU.ActiveCfg = Release|Any CPU
		{504ED6D4-7F05-4AC3-B832-BC3D90A4A171}.Release|Any CPU.Build.0 = Release|Any CPU
		{F30D8977-50AB-47A6-88EB-D7E3A9FF276F}.Debug|Any CPU.ActiveCfg = Debug|Any CPU
		{F30D8977-50AB-47A6-88EB-D7E3A9FF276F}.Debug|Any CPU.Build.0 = Debug|Any CPU
		{F30D8977-50AB-47A6-88EB-D7E3A9FF276F}.Release|Any CPU.ActiveCfg = Release|Any CPU
		{F30D8977-50AB-47A6-88EB-D7E3A9FF276F}.Release|Any CPU.Build.0 = Release|Any CPU
		{9E74806D-A27A-470F-817D-1DCD719AB531}.Debug|Any CPU.ActiveCfg = Debug|Any CPU
		{9E74806D-A27A-470F-817D-1DCD719AB531}.Debug|Any CPU.Build.0 = Debug|Any CPU
		{9E74806D-A27A-470F-817D-1DCD719AB531}.Release|Any CPU.ActiveCfg = Release|Any CPU
		{9E74806D-A27A-470F-817D-1DCD719AB531}.Release|Any CPU.Build.0 = Release|Any CPU
		{89D1B893-9575-40B5-8C99-BE03AEFA0186}.Debug|Any CPU.ActiveCfg = Debug|Any CPU
		{89D1B893-9575-40B5-8C99-BE03AEFA0186}.Debug|Any CPU.Build.0 = Debug|Any CPU
		{89D1B893-9575-40B5-8C99-BE03AEFA0186}.Release|Any CPU.ActiveCfg = Release|Any CPU
		{89D1B893-9575-40B5-8C99-BE03AEFA0186}.Release|Any CPU.Build.0 = Release|Any CPU
		{3BD66259-3365-4721-A615-9DE5A201BFA1}.Debug|Any CPU.ActiveCfg = Debug|Any CPU
		{3BD66259-3365-4721-A615-9DE5A201BFA1}.Debug|Any CPU.Build.0 = Debug|Any CPU
		{3BD66259-3365-4721-A615-9DE5A201BFA1}.Release|Any CPU.ActiveCfg = Release|Any CPU
		{3BD66259-3365-4721-A615-9DE5A201BFA1}.Release|Any CPU.Build.0 = Release|Any CPU
		{1F916D8C-CA45-4761-9C55-12E9D988B090}.Debug|Any CPU.ActiveCfg = Debug|Any CPU
		{1F916D8C-CA45-4761-9C55-12E9D988B090}.Debug|Any CPU.Build.0 = Debug|Any CPU
		{1F916D8C-CA45-4761-9C55-12E9D988B090}.Release|Any CPU.ActiveCfg = Release|Any CPU
		{1F916D8C-CA45-4761-9C55-12E9D988B090}.Release|Any CPU.Build.0 = Release|Any CPU
		{A4325A22-3764-45A9-89B6-3320144D0FA2}.Debug|Any CPU.ActiveCfg = Debug|Any CPU
		{A4325A22-3764-45A9-89B6-3320144D0FA2}.Debug|Any CPU.Build.0 = Debug|Any CPU
		{A4325A22-3764-45A9-89B6-3320144D0FA2}.Release|Any CPU.ActiveCfg = Release|Any CPU
		{A4325A22-3764-45A9-89B6-3320144D0FA2}.Release|Any CPU.Build.0 = Release|Any CPU
		{EB93CFBC-BADF-475B-B2E7-1FE2C1948EA3}.Debug|Any CPU.ActiveCfg = Debug|Any CPU
		{EB93CFBC-BADF-475B-B2E7-1FE2C1948EA3}.Debug|Any CPU.Build.0 = Debug|Any CPU
		{EB93CFBC-BADF-475B-B2E7-1FE2C1948EA3}.Release|Any CPU.ActiveCfg = Release|Any CPU
		{EB93CFBC-BADF-475B-B2E7-1FE2C1948EA3}.Release|Any CPU.Build.0 = Release|Any CPU
		{C4FB093B-6DE4-401D-B689-AADB40CCA7C1}.Debug|Any CPU.ActiveCfg = Debug|Any CPU
		{C4FB093B-6DE4-401D-B689-AADB40CCA7C1}.Debug|Any CPU.Build.0 = Debug|Any CPU
		{C4FB093B-6DE4-401D-B689-AADB40CCA7C1}.Release|Any CPU.ActiveCfg = Release|Any CPU
		{C4FB093B-6DE4-401D-B689-AADB40CCA7C1}.Release|Any CPU.Build.0 = Release|Any CPU
		{462F2951-9132-4B09-BE08-CCF574190173}.Debug|Any CPU.ActiveCfg = Debug|Any CPU
		{462F2951-9132-4B09-BE08-CCF574190173}.Debug|Any CPU.Build.0 = Debug|Any CPU
		{462F2951-9132-4B09-BE08-CCF574190173}.Release|Any CPU.ActiveCfg = Release|Any CPU
		{462F2951-9132-4B09-BE08-CCF574190173}.Release|Any CPU.Build.0 = Release|Any CPU
	EndGlobalSection
	GlobalSection(SolutionProperties) = preSolution
		HideSolutionNode = FALSE
	EndGlobalSection
	GlobalSection(NestedProjects) = preSolution
		{65B1C817-E86E-49C1-B30B-AB568EE7FA93} = {34E88406-3687-48A5-9BE1-445BCDBDD5B8}
		{34E88406-3687-48A5-9BE1-445BCDBDD5B8} = {8D648CC7-1B6C-4292-9F6A-30761CD25349}
		{873CAC30-CA39-437C-B21C-B3334F2CC0F8} = {894F0744-2D9F-4CDE-A6E2-1977189CB8D3}
		{894F0744-2D9F-4CDE-A6E2-1977189CB8D3} = {8D648CC7-1B6C-4292-9F6A-30761CD25349}
		{3776D6A2-DE76-47DA-B825-FFCD3642D777} = {34E88406-3687-48A5-9BE1-445BCDBDD5B8}
		{1FA276EA-AAB6-42A0-ACBD-93052D7B5AD2} = {3776D6A2-DE76-47DA-B825-FFCD3642D777}
		{2BFEC20E-E905-4738-A7FB-8D0894AE7230} = {3776D6A2-DE76-47DA-B825-FFCD3642D777}
		{318E3CD5-6B61-42DB-AFD2-7F55C9FDB03B} = {3776D6A2-DE76-47DA-B825-FFCD3642D777}
		{FADE7569-D540-47D3-B98C-FC30B728AF08} = {FA3F9733-47AE-47C2-946E-95FD9B6AFEF2}
		{40B29532-DB4F-47AB-AA1A-3FC755541922} = {FA3F9733-47AE-47C2-946E-95FD9B6AFEF2}
		{08921559-A787-44BB-A475-85B6BC9CF44B} = {40B29532-DB4F-47AB-AA1A-3FC755541922}
		{B1B462E7-50DF-4672-B4C3-4B48F7C88723} = {FA3F9733-47AE-47C2-946E-95FD9B6AFEF2}
		{29004F36-7354-42AD-BBDB-C323ED71BB37} = {40B29532-DB4F-47AB-AA1A-3FC755541922}
		{07873C96-4428-40C2-85BF-AD9E9BC4B0C1} = {B1B462E7-50DF-4672-B4C3-4B48F7C88723}
		{33FF12E8-AE43-4C9A-AA9F-51C1BC88B491} = {FA3F9733-47AE-47C2-946E-95FD9B6AFEF2}
		{5DF39E96-068B-4AF4-B641-FDC92BE407B1} = {FA3F9733-47AE-47C2-946E-95FD9B6AFEF2}
		{2842DEB2-F6AA-4208-9182-DDCFA204E8F3} = {5DF39E96-068B-4AF4-B641-FDC92BE407B1}
		{4A170561-33D3-4E5C-883A-616742DF73D0} = {5DF39E96-068B-4AF4-B641-FDC92BE407B1}
		{6C25ACA6-358F-43A7-847F-20387B9F51FC} = {5DF39E96-068B-4AF4-B641-FDC92BE407B1}
		{6F70D1F3-9BFD-4CA3-BBA5-9B90AFFD0A9C} = {5DF39E96-068B-4AF4-B641-FDC92BE407B1}
		{DF60035D-7659-4EE3-86FB-E9F3F3727FD4} = {FADE7569-D540-47D3-B98C-FC30B728AF08}
		{B0D046C9-00D1-4CE2-B04E-8FAC71396823} = {6F70D1F3-9BFD-4CA3-BBA5-9B90AFFD0A9C}
		{8819BC6B-4AE5-48D3-AC0A-11ABBE910AB9} = {6F70D1F3-9BFD-4CA3-BBA5-9B90AFFD0A9C}
		{BF18FC83-CC90-43D5-8F23-3EDA43B3EA41} = {4A170561-33D3-4E5C-883A-616742DF73D0}
		{74A6319A-18D8-485C-B520-225E2B81710D} = {4A170561-33D3-4E5C-883A-616742DF73D0}
		{500A44B1-B4D2-477E-8A9F-15642F2766CA} = {2842DEB2-F6AA-4208-9182-DDCFA204E8F3}
		{5AE95030-FABB-4746-85E6-66A0B5DD3081} = {2842DEB2-F6AA-4208-9182-DDCFA204E8F3}
		{3E1346FB-9918-4E06-9E4C-4E641BD79117} = {6C25ACA6-358F-43A7-847F-20387B9F51FC}
		{504ED6D4-7F05-4AC3-B832-BC3D90A4A171} = {6C25ACA6-358F-43A7-847F-20387B9F51FC}
		{F30D8977-50AB-47A6-88EB-D7E3A9FF276F} = {B1B462E7-50DF-4672-B4C3-4B48F7C88723}
		{9E74806D-A27A-470F-817D-1DCD719AB531} = {33FF12E8-AE43-4C9A-AA9F-51C1BC88B491}
		{89D1B893-9575-40B5-8C99-BE03AEFA0186} = {3776D6A2-DE76-47DA-B825-FFCD3642D777}
		{7A828A82-6087-4B58-8F5D-A21E46A1A6AA} = {5DF39E96-068B-4AF4-B641-FDC92BE407B1}
		{9DF4D54A-5473-4755-9AD0-673EE492D1D6} = {5DF39E96-068B-4AF4-B641-FDC92BE407B1}
		{3BD66259-3365-4721-A615-9DE5A201BFA1} = {9DF4D54A-5473-4755-9AD0-673EE492D1D6}
		{1F916D8C-CA45-4761-9C55-12E9D988B090} = {9DF4D54A-5473-4755-9AD0-673EE492D1D6}
		{A4325A22-3764-45A9-89B6-3320144D0FA2} = {3776D6A2-DE76-47DA-B825-FFCD3642D777}
		{3DB2E109-AEF7-461F-A0E5-56BCC9B92FC4} = {5DF39E96-068B-4AF4-B641-FDC92BE407B1}
		{48E985E9-7FA5-4B2B-85FB-A5647ADC6D2B} = {5DF39E96-068B-4AF4-B641-FDC92BE407B1}
		{EB93CFBC-BADF-475B-B2E7-1FE2C1948EA3} = {48E985E9-7FA5-4B2B-85FB-A5647ADC6D2B}
		{C4FB093B-6DE4-401D-B689-AADB40CCA7C1} = {48E985E9-7FA5-4B2B-85FB-A5647ADC6D2B}
		{462F2951-9132-4B09-BE08-CCF574190173} = {894F0744-2D9F-4CDE-A6E2-1977189CB8D3}
	EndGlobalSection
	GlobalSection(ExtensibilityGlobals) = postSolution
		SolutionGuid = {A9BD886D-7A69-4EE8-8572-DCE906108AD2}
	EndGlobalSection
EndGlobal
